
Microsoft Visual Studio Solution File, Format Version 12.00
# Visual Studio Version 17
VisualStudioVersion = 17.4.33213.308
MinimumVisualStudioVersion = 10.0.40219.1
Project("{778DAE3C-4631-46EA-AA77-85C1314464D9}") = "Espinosa_Unit2_CompProg", "Espinosa_Unit2_CompProg.vbproj", "{8CEBA142-6D8F-42CB-975A-04894C91B68A}"
EndProject
Global
	GlobalSection(SolutionConfigurationPlatforms) = preSolution
		Debug|Any CPU = Debug|Any CPU
		Release|Any CPU = Release|Any CPU
	EndGlobalSection
	GlobalSection(ProjectConfigurationPlatforms) = postSolution
		{8CEBA142-6D8F-42CB-975A-04894C91B68A}.Debug|Any CPU.ActiveCfg = Debug|Any CPU
		{8CEBA142-6D8F-42CB-975A-04894C91B68A}.Debug|Any CPU.Build.0 = Debug|Any CPU
		{8CEBA142-6D8F-42CB-975A-04894C91B68A}.Release|Any CPU.ActiveCfg = Release|Any CPU
		{8CEBA142-6D8F-42CB-975A-04894C91B68A}.Release|Any CPU.Build.0 = Release|Any CPU
	EndGlobalSection
	GlobalSection(SolutionProperties) = preSolution
		HideSolutionNode = FALSE
	EndGlobalSection
	GlobalSection(ExtensibilityGlobals) = postSolution
		SolutionGuid = {E29ACBAD-653A-4C84-BCC1-1D596ECE9DE5}
	EndGlobalSection
EndGlobal
